
Microsoft Visual Studio Solution File, Format Version 12.00
# Visual Studio Version 16
VisualStudioVersion = 16.0.31515.178
MinimumVisualStudioVersion = 10.0.40219.1
Project("{8BC9CEB8-8B4A-11D0-8D11-00A0C91BC942}") = "ctype.h  isdigit函数", "ctype.h  isdigit函数.vcxproj", "{ABA59437-B20E-4632-85EA-F5CBF33CB147}"
EndProject
Global
	GlobalSection(SolutionConfigurationPlatforms) = preSolution
		Debug|x64 = Debug|x64
		Debug|x86 = Debug|x86
		Release|x64 = Release|x64
		Release|x86 = Release|x86
	EndGlobalSection
	GlobalSection(ProjectConfigurationPlatforms) = postSolution
		{ABA59437-B20E-4632-85EA-F5CBF33CB147}.Debug|x64.ActiveCfg = Debug|x64
		{ABA59437-B20E-4632-85EA-F5CBF33CB147}.Debug|x64.Build.0 = Debug|x64
		{ABA59437-B20E-4632-85EA-F5CBF33CB147}.Debug|x86.ActiveCfg = Debug|Win32
		{ABA59437-B20E-4632-85EA-F5CBF33CB147}.Debug|x86.Build.0 = Debug|Win32
		{ABA59437-B20E-4632-85EA-F5CBF33CB147}.Release|x64.ActiveCfg = Release|x64
		{ABA59437-B20E-4632-85EA-F5CBF33CB147}.Release|x64.Build.0 = Release|x64
		{ABA59437-B20E-4632-85EA-F5CBF33CB147}.Release|x86.ActiveCfg = Release|Win32
		{ABA59437-B20E-4632-85EA-F5CBF33CB147}.Release|x86.Build.0 = Release|Win32
	EndGlobalSection
	GlobalSection(SolutionProperties) = preSolution
		HideSolutionNode = FALSE
	EndGlobalSection
	GlobalSection(ExtensibilityGlobals) = postSolution
		SolutionGuid = {C5F6F79F-1B4D-4E59-BE3E-6BBD69230A97}
	EndGlobalSection
EndGlobal
